{
  "name": "sequencer",
  "version": "1.0.0",
  "lockfileVersion": 2,
  "requires": true,
  "packages": {
    "": {
      "name": "sequencer",
      "version": "1.0.0",
      "dependencies": {
        "service": "file:../service"
      }
    },
    "../service": {
      "version": "1.0.0",
      "dependencies": {
        "express": "^4.17.3",
        "logfile": "file:../logger",
        "redis": "file:../redis"
      }
    },
    "node_modules/service": {
      "resolved": "../service",
      "link": true
    }
  },
  "dependencies": {
    "service": {
      "version": "file:../service",
      "requires": {
        "express": "^4.17.3",
        "logfile": "file:../logger",
        "redis": "file:../redis"
      }
    }
  }
}
